
Microsoft Visual Studio Solution File, Format Version 12.00
# Visual Studio Version 16
VisualStudioVersion = 16.0.30114.105
MinimumVisualStudioVersion = 10.0.40219.1
Project("{FAE04EC0-301F-11D3-BF4B-00C04F79EFBC}") = "API", "API\API.csproj", "{1704FEF6-5EB0-45D6-BD79-27D72334AE08}"
EndProject
Project("{FAE04EC0-301F-11D3-BF4B-00C04F79EFBC}") = "Application", "Application\Application.csproj", "{14E7A6D9-C306-488E-BF15-2C756151EE3C}"
EndProject
Project("{FAE04EC0-301F-11D3-BF4B-00C04F79EFBC}") = "Persistence", "Persistence\Persistence.csproj", "{868EE05A-D5F7-47A3-8F96-B9AEEF6E91AA}"
EndProject
Project("{FAE04EC0-301F-11D3-BF4B-00C04F79EFBC}") = "Domain", "Domain\Domain.csproj", "{EBBEA17F-0E57-4BCD-8167-081B2BD7391B}"
EndProject
Global
	GlobalSection(SolutionConfigurationPlatforms) = preSolution
		Debug|Any CPU = Debug|Any CPU
		Release|Any CPU = Release|Any CPU
	EndGlobalSection
	GlobalSection(SolutionProperties) = preSolution
		HideSolutionNode = FALSE
	EndGlobalSection
	GlobalSection(ProjectConfigurationPlatforms) = postSolution
		{1704FEF6-5EB0-45D6-BD79-27D72334AE08}.Debug|Any CPU.ActiveCfg = Debug|Any CPU
		{1704FEF6-5EB0-45D6-BD79-27D72334AE08}.Debug|Any CPU.Build.0 = Debug|Any CPU
		{1704FEF6-5EB0-45D6-BD79-27D72334AE08}.Release|Any CPU.ActiveCfg = Release|Any CPU
		{1704FEF6-5EB0-45D6-BD79-27D72334AE08}.Release|Any CPU.Build.0 = Release|Any CPU
		{14E7A6D9-C306-488E-BF15-2C756151EE3C}.Debug|Any CPU.ActiveCfg = Debug|Any CPU
		{14E7A6D9-C306-488E-BF15-2C756151EE3C}.Debug|Any CPU.Build.0 = Debug|Any CPU
		{14E7A6D9-C306-488E-BF15-2C756151EE3C}.Release|Any CPU.ActiveCfg = Release|Any CPU
		{14E7A6D9-C306-488E-BF15-2C756151EE3C}.Release|Any CPU.Build.0 = Release|Any CPU
		{868EE05A-D5F7-47A3-8F96-B9AEEF6E91AA}.Debug|Any CPU.ActiveCfg = Debug|Any CPU
		{868EE05A-D5F7-47A3-8F96-B9AEEF6E91AA}.Debug|Any CPU.Build.0 = Debug|Any CPU
		{868EE05A-D5F7-47A3-8F96-B9AEEF6E91AA}.Release|Any CPU.ActiveCfg = Release|Any CPU
		{868EE05A-D5F7-47A3-8F96-B9AEEF6E91AA}.Release|Any CPU.Build.0 = Release|Any CPU
		{EBBEA17F-0E57-4BCD-8167-081B2BD7391B}.Debug|Any CPU.ActiveCfg = Debug|Any CPU
		{EBBEA17F-0E57-4BCD-8167-081B2BD7391B}.Debug|Any CPU.Build.0 = Debug|Any CPU
		{EBBEA17F-0E57-4BCD-8167-081B2BD7391B}.Release|Any CPU.ActiveCfg = Release|Any CPU
		{EBBEA17F-0E57-4BCD-8167-081B2BD7391B}.Release|Any CPU.Build.0 = Release|Any CPU
	EndGlobalSection
EndGlobal
